
Microsoft Visual Studio Solution File, Format Version 12.00
Project("{FAE04EC0-301F-11D3-BF4B-00C04F79EFBC}") = "Raytracer", "Raytracer\Raytracer.csproj", "{78D7388C-DB88-4200-9122-88E27EDFCFA8}"
EndProject
Project("{FAE04EC0-301F-11D3-BF4B-00C04F79EFBC}") = "Raytracer.Common", "Raytracer.Common\Raytracer.Common.csproj", "{13F941BA-AD1F-412F-AC23-58ED4EF122CB}"
EndProject
Project("{FAE04EC0-301F-11D3-BF4B-00C04F79EFBC}") = "Raytracer.Common.Tests", "Raytracer.Common.Tests\Raytracer.Common.Tests.csproj", "{618BF67F-75FA-48DC-B125-90DC621A06BB}"
EndProject
Global
	GlobalSection(SolutionConfigurationPlatforms) = preSolution
		Debug|Any CPU = Debug|Any CPU
		Release|Any CPU = Release|Any CPU
	EndGlobalSection
	GlobalSection(ProjectConfigurationPlatforms) = postSolution
		{78D7388C-DB88-4200-9122-88E27EDFCFA8}.Debug|Any CPU.ActiveCfg = Debug|Any CPU
		{78D7388C-DB88-4200-9122-88E27EDFCFA8}.Debug|Any CPU.Build.0 = Debug|Any CPU
		{78D7388C-DB88-4200-9122-88E27EDFCFA8}.Release|Any CPU.ActiveCfg = Release|Any CPU
		{78D7388C-DB88-4200-9122-88E27EDFCFA8}.Release|Any CPU.Build.0 = Release|Any CPU
		{13F941BA-AD1F-412F-AC23-58ED4EF122CB}.Debug|Any CPU.ActiveCfg = Debug|Any CPU
		{13F941BA-AD1F-412F-AC23-58ED4EF122CB}.Debug|Any CPU.Build.0 = Debug|Any CPU
		{13F941BA-AD1F-412F-AC23-58ED4EF122CB}.Release|Any CPU.ActiveCfg = Release|Any CPU
		{13F941BA-AD1F-412F-AC23-58ED4EF122CB}.Release|Any CPU.Build.0 = Release|Any CPU
		{618BF67F-75FA-48DC-B125-90DC621A06BB}.Debug|Any CPU.ActiveCfg = Debug|Any CPU
		{618BF67F-75FA-48DC-B125-90DC621A06BB}.Debug|Any CPU.Build.0 = Debug|Any CPU
		{618BF67F-75FA-48DC-B125-90DC621A06BB}.Release|Any CPU.ActiveCfg = Release|Any CPU
		{618BF67F-75FA-48DC-B125-90DC621A06BB}.Release|Any CPU.Build.0 = Release|Any CPU
	EndGlobalSection
EndGlobal
